{
    "_meta": {
        "hash": {
            "sha256": "e6e9e50d77aada68c1b69c32338caca8ac3ca1dee7a30813c598aefed28529c4"
        },
        "host-environment-markers": {
            "implementation_name": "cpython",
            "implementation_version": "3.5.2",
            "os_name": "posix",
            "platform_machine": "x86_64",
            "platform_python_implementation": "CPython",
            "platform_release": "4.4.0-112-generic",
            "platform_system": "Linux",
            "platform_version": "#135-Ubuntu SMP Fri Jan 19 11:48:36 UTC 2018",
            "python_full_version": "3.5.2",
            "python_version": "3.5",
            "sys_platform": "linux"
        },
        "pipfile-spec": 6,
        "requires": {},
        "sources": [
            {
                "name": "pypi",
                "url": "https://pypi.python.org/simple",
                "verify_ssl": true
            }
        ]
    },
    "default": {
        "musicbrainzngs": {
            "hashes": [
                "sha256:28ef261a421dffde0a25281dab1ab214e1b407eec568cd05a53e73256f56adb5"
            ],
            "version": "==0.6"
        },
        "mutagen": {
            "hashes": [
                "sha256:b2a2c2ce87863af12ed7896f341419cd051a3c72c3c6733db9e83060dcadee5e"
            ],
            "version": "==1.40.0"
        }
    },
    "develop": {}
}
